
Microsoft Visual Studio Solution File, Format Version 12.00
# Visual Studio Version 16
VisualStudioVersion = 16.0.30002.166
MinimumVisualStudioVersion = 10.0.40219.1
Project("{9A19103F-16F7-4668-BE54-9A1E7A4F7556}") = "SenseNet.Search.Lucene29", "SenseNet.Search.Lucene29\SenseNet.Search.Lucene29.csproj", "{9E776EDA-681A-4330-8632-9ED0B67ED5A6}"
EndProject
Project("{9A19103F-16F7-4668-BE54-9A1E7A4F7556}") = "SenseNet.Search.Lucene29.Common", "SenseNet.Search.Lucene29.Common\SenseNet.Search.Lucene29.Common.csproj", "{FF0B1AF9-753B-4660-8BD0-B84492321808}"
EndProject
Project("{9A19103F-16F7-4668-BE54-9A1E7A4F7556}") = "SenseNet.Search.Lucene29.Local", "SenseNet.Search.Lucene29.Local\SenseNet.Search.Lucene29.Local.csproj", "{EF7844BE-E78F-43CE-9CB0-364117228DD7}"
EndProject
Project("{2150E333-8FDC-42A3-9474-1A3956D46DE8}") = "Tests", "Tests", "{B4F558A3-EB20-4AF6-849C-6CF719C5F483}"
EndProject
Project("{FAE04EC0-301F-11D3-BF4B-00C04F79EFBC}") = "SenseNet.Search.Lucene29.Tests", "Tests\SenseNet.Search.Lucene29.Tests\SenseNet.Search.Lucene29.Tests.csproj", "{948CE434-4B01-4B5E-8E01-E7661891D159}"
EndProject
Project("{9A19103F-16F7-4668-BE54-9A1E7A4F7556}") = "SenseNet.Search.Lucene29.Centralized", "SenseNet.Search.Lucene29.Centralized\SenseNet.Search.Lucene29.Centralized.csproj", "{48A8AA39-10E9-4706-9681-99B421E89FED}"
EndProject
Project("{FAE04EC0-301F-11D3-BF4B-00C04F79EFBC}") = "SenseNet.Search.Lucene29.Centralized.Service", "SenseNet.Search.Lucene29.Centralized.Service\SenseNet.Search.Lucene29.Centralized.Service.csproj", "{730398D4-E856-48C9-8875-84902CC8D6F8}"
EndProject
Project("{9A19103F-16F7-4668-BE54-9A1E7A4F7556}") = "SenseNet.Search.Lucene29.Centralized.Common", "SenseNet.Search.Lucene29.Centralized.Common\SenseNet.Search.Lucene29.Centralized.Common.csproj", "{0352738E-FDA0-4ADF-934B-4F9EA7922152}"
EndProject
Project("{9A19103F-16F7-4668-BE54-9A1E7A4F7556}") = "SenseNet.Search.Lucene29.Centralized.Index", "SenseNet.Search.Lucene29.Centralized.Index\SenseNet.Search.Lucene29.Centralized.Index.csproj", "{B408FF84-8D7E-4869-955B-A070623AB611}"
EndProject
Project("{2150E333-8FDC-42A3-9474-1A3956D46DE8}") = "Solution items", "Solution items", "{5C945C05-E3A8-4D91-BD42-8310CF1F9234}"
	ProjectSection(SolutionItems) = preProject
		..\tools\scripts\CreateNuGetPackages.ps1 = ..\tools\scripts\CreateNuGetPackages.ps1
		nuget\content\Web.config.transform = nuget\content\Web.config.transform
	EndProjectSection
EndProject
Project("{9A19103F-16F7-4668-BE54-9A1E7A4F7556}") = "SenseNet.Search.Lucene29.Centralized.GrpcService", "SenseNet.Search.Lucene29.Centralized.GrpcService\SenseNet.Search.Lucene29.Centralized.GrpcService.csproj", "{E12541F3-F183-4AD0-98B3-65330CEB87A2}"
EndProject
Project("{9A19103F-16F7-4668-BE54-9A1E7A4F7556}") = "SenseNet.Search.Lucene29.Centralized.GrpcClient", "SenseNet.Search.Lucene29.Centralized.GrpcClient\SenseNet.Search.Lucene29.Centralized.GrpcClient.csproj", "{189923A4-8B7F-439C-BD68-8999B1FF91C2}"
EndProject
Project("{9A19103F-16F7-4668-BE54-9A1E7A4F7556}") = "CentralizedIndexBackupTester", "Tests\CentralizedIndexBackupTester\CentralizedIndexBackupTester.csproj", "{7B79DA0B-CE52-48B4-A3E2-58F77BC4E74F}"
EndProject
Global
	GlobalSection(SolutionConfigurationPlatforms) = preSolution
		Debug|Any CPU = Debug|Any CPU
		Release|Any CPU = Release|Any CPU
	EndGlobalSection
	GlobalSection(ProjectConfigurationPlatforms) = postSolution
		{9E776EDA-681A-4330-8632-9ED0B67ED5A6}.Debug|Any CPU.ActiveCfg = Debug|Any CPU
		{9E776EDA-681A-4330-8632-9ED0B67ED5A6}.Debug|Any CPU.Build.0 = Debug|Any CPU
		{9E776EDA-681A-4330-8632-9ED0B67ED5A6}.Release|Any CPU.ActiveCfg = Release|Any CPU
		{9E776EDA-681A-4330-8632-9ED0B67ED5A6}.Release|Any CPU.Build.0 = Release|Any CPU
		{FF0B1AF9-753B-4660-8BD0-B84492321808}.Debug|Any CPU.ActiveCfg = Debug|Any CPU
		{FF0B1AF9-753B-4660-8BD0-B84492321808}.Debug|Any CPU.Build.0 = Debug|Any CPU
		{FF0B1AF9-753B-4660-8BD0-B84492321808}.Release|Any CPU.ActiveCfg = Release|Any CPU
		{FF0B1AF9-753B-4660-8BD0-B84492321808}.Release|Any CPU.Build.0 = Release|Any CPU
		{EF7844BE-E78F-43CE-9CB0-364117228DD7}.Debug|Any CPU.ActiveCfg = Debug|Any CPU
		{EF7844BE-E78F-43CE-9CB0-364117228DD7}.Debug|Any CPU.Build.0 = Debug|Any CPU
		{EF7844BE-E78F-43CE-9CB0-364117228DD7}.Release|Any CPU.ActiveCfg = Release|Any CPU
		{EF7844BE-E78F-43CE-9CB0-364117228DD7}.Release|Any CPU.Build.0 = Release|Any CPU
		{948CE434-4B01-4B5E-8E01-E7661891D159}.Debug|Any CPU.ActiveCfg = Debug|Any CPU
		{948CE434-4B01-4B5E-8E01-E7661891D159}.Debug|Any CPU.Build.0 = Debug|Any CPU
		{948CE434-4B01-4B5E-8E01-E7661891D159}.Release|Any CPU.ActiveCfg = Release|Any CPU
		{948CE434-4B01-4B5E-8E01-E7661891D159}.Release|Any CPU.Build.0 = Release|Any CPU
		{48A8AA39-10E9-4706-9681-99B421E89FED}.Debug|Any CPU.ActiveCfg = Debug|Any CPU
		{48A8AA39-10E9-4706-9681-99B421E89FED}.Debug|Any CPU.Build.0 = Debug|Any CPU
		{48A8AA39-10E9-4706-9681-99B421E89FED}.Release|Any CPU.ActiveCfg = Release|Any CPU
		{48A8AA39-10E9-4706-9681-99B421E89FED}.Release|Any CPU.Build.0 = Release|Any CPU
		{730398D4-E856-48C9-8875-84902CC8D6F8}.Debug|Any CPU.ActiveCfg = Debug|Any CPU
		{730398D4-E856-48C9-8875-84902CC8D6F8}.Debug|Any CPU.Build.0 = Debug|Any CPU
		{730398D4-E856-48C9-8875-84902CC8D6F8}.Release|Any CPU.ActiveCfg = Release|Any CPU
		{730398D4-E856-48C9-8875-84902CC8D6F8}.Release|Any CPU.Build.0 = Release|Any CPU
		{0352738E-FDA0-4ADF-934B-4F9EA7922152}.Debug|Any CPU.ActiveCfg = Debug|Any CPU
		{0352738E-FDA0-4ADF-934B-4F9EA7922152}.Debug|Any CPU.Build.0 = Debug|Any CPU
		{0352738E-FDA0-4ADF-934B-4F9EA7922152}.Release|Any CPU.ActiveCfg = Release|Any CPU
		{0352738E-FDA0-4ADF-934B-4F9EA7922152}.Release|Any CPU.Build.0 = Release|Any CPU
		{B408FF84-8D7E-4869-955B-A070623AB611}.Debug|Any CPU.ActiveCfg = Debug|Any CPU
		{B408FF84-8D7E-4869-955B-A070623AB611}.Debug|Any CPU.Build.0 = Debug|Any CPU
		{B408FF84-8D7E-4869-955B-A070623AB611}.Release|Any CPU.ActiveCfg = Release|Any CPU
		{B408FF84-8D7E-4869-955B-A070623AB611}.Release|Any CPU.Build.0 = Release|Any CPU
		{E12541F3-F183-4AD0-98B3-65330CEB87A2}.Debug|Any CPU.ActiveCfg = Debug|Any CPU
		{E12541F3-F183-4AD0-98B3-65330CEB87A2}.Debug|Any CPU.Build.0 = Debug|Any CPU
		{E12541F3-F183-4AD0-98B3-65330CEB87A2}.Release|Any CPU.ActiveCfg = Release|Any CPU
		{E12541F3-F183-4AD0-98B3-65330CEB87A2}.Release|Any CPU.Build.0 = Release|Any CPU
		{189923A4-8B7F-439C-BD68-8999B1FF91C2}.Debug|Any CPU.ActiveCfg = Debug|Any CPU
		{189923A4-8B7F-439C-BD68-8999B1FF91C2}.Debug|Any CPU.Build.0 = Debug|Any CPU
		{189923A4-8B7F-439C-BD68-8999B1FF91C2}.Release|Any CPU.ActiveCfg = Release|Any CPU
		{189923A4-8B7F-439C-BD68-8999B1FF91C2}.Release|Any CPU.Build.0 = Release|Any CPU
		{7B79DA0B-CE52-48B4-A3E2-58F77BC4E74F}.Debug|Any CPU.ActiveCfg = Debug|Any CPU
		{7B79DA0B-CE52-48B4-A3E2-58F77BC4E74F}.Debug|Any CPU.Build.0 = Debug|Any CPU
		{7B79DA0B-CE52-48B4-A3E2-58F77BC4E74F}.Release|Any CPU.ActiveCfg = Release|Any CPU
		{7B79DA0B-CE52-48B4-A3E2-58F77BC4E74F}.Release|Any CPU.Build.0 = Release|Any CPU
	EndGlobalSection
	GlobalSection(SolutionProperties) = preSolution
		HideSolutionNode = FALSE
	EndGlobalSection
	GlobalSection(NestedProjects) = preSolution
		{948CE434-4B01-4B5E-8E01-E7661891D159} = {B4F558A3-EB20-4AF6-849C-6CF719C5F483}
		{7B79DA0B-CE52-48B4-A3E2-58F77BC4E74F} = {B4F558A3-EB20-4AF6-849C-6CF719C5F483}
	EndGlobalSection
	GlobalSection(ExtensibilityGlobals) = postSolution
		SolutionGuid = {D3B8C994-B98E-4357-AB4E-9D96D41BA6CD}
	EndGlobalSection
EndGlobal
